
Microsoft Visual Studio Solution File, Format Version 12.00
# Visual Studio 15
VisualStudioVersion = 15.0.28010.2036
MinimumVisualStudioVersion = 10.0.40219.1
Project("{8BC9CEB8-8B4A-11D0-8D11-00A0C91BC942}") = "BMP_Parser", "BMP_Parser\BMP_Parser.vcxproj", "{455127BD-80F2-4C74-82E3-BBE2FE1A35CF}"
EndProject
Global
	GlobalSection(SolutionConfigurationPlatforms) = preSolution
		Debug|x64 = Debug|x64
		Debug|x86 = Debug|x86
		Release|x64 = Release|x64
		Release|x86 = Release|x86
	EndGlobalSection
	GlobalSection(ProjectConfigurationPlatforms) = postSolution
		{455127BD-80F2-4C74-82E3-BBE2FE1A35CF}.Debug|x64.ActiveCfg = Debug|x64
		{455127BD-80F2-4C74-82E3-BBE2FE1A35CF}.Debug|x64.Build.0 = Debug|x64
		{455127BD-80F2-4C74-82E3-BBE2FE1A35CF}.Debug|x86.ActiveCfg = Debug|Win32
		{455127BD-80F2-4C74-82E3-BBE2FE1A35CF}.Debug|x86.Build.0 = Debug|Win32
		{455127BD-80F2-4C74-82E3-BBE2FE1A35CF}.Release|x64.ActiveCfg = Release|x64
		{455127BD-80F2-4C74-82E3-BBE2FE1A35CF}.Release|x64.Build.0 = Release|x64
		{455127BD-80F2-4C74-82E3-BBE2FE1A35CF}.Release|x86.ActiveCfg = Release|Win32
		{455127BD-80F2-4C74-82E3-BBE2FE1A35CF}.Release|x86.Build.0 = Release|Win32
	EndGlobalSection
	GlobalSection(SolutionProperties) = preSolution
		HideSolutionNode = FALSE
	EndGlobalSection
	GlobalSection(ExtensibilityGlobals) = postSolution
		SolutionGuid = {097548EF-003C-48C6-81FB-AB3F8286E62B}
	EndGlobalSection
EndGlobal
